
Microsoft Visual Studio Solution File, Format Version 12.00
# Visual Studio 15
VisualStudioVersion = 15.0.28307.102
MinimumVisualStudioVersion = 10.0.40219.1
Project("{8BC9CEB8-8B4A-11D0-8D11-00A0C91BC942}") = "embed", "embed\embed.vcxproj", "{A4BAFD4F-EEA0-4BDA-AD66-FA35F7521F2A}"
EndProject
Project("{8BC9CEB8-8B4A-11D0-8D11-00A0C91BC942}") = "test", "test\test.vcxproj", "{2A0BA8A0-2EE3-42E4-9BFC-1B9D25F09D41}"
	ProjectSection(ProjectDependencies) = postProject
		{A4BAFD4F-EEA0-4BDA-AD66-FA35F7521F2A} = {A4BAFD4F-EEA0-4BDA-AD66-FA35F7521F2A}
	EndProjectSection
EndProject
Global
	GlobalSection(SolutionConfigurationPlatforms) = preSolution
		Debug|x64 = Debug|x64
		Debug|x86 = Debug|x86
		DebugC++14|x64 = DebugC++14|x64
		DebugC++14|x86 = DebugC++14|x86
		Release|x64 = Release|x64
		Release|x86 = Release|x86
	EndGlobalSection
	GlobalSection(ProjectConfigurationPlatforms) = postSolution
		{A4BAFD4F-EEA0-4BDA-AD66-FA35F7521F2A}.Debug|x64.ActiveCfg = Debug|x64
		{A4BAFD4F-EEA0-4BDA-AD66-FA35F7521F2A}.Debug|x64.Build.0 = Debug|x64
		{A4BAFD4F-EEA0-4BDA-AD66-FA35F7521F2A}.Debug|x86.ActiveCfg = Debug|Win32
		{A4BAFD4F-EEA0-4BDA-AD66-FA35F7521F2A}.Debug|x86.Build.0 = Debug|Win32
		{A4BAFD4F-EEA0-4BDA-AD66-FA35F7521F2A}.DebugC++14|x64.ActiveCfg = DebugC++14|x64
		{A4BAFD4F-EEA0-4BDA-AD66-FA35F7521F2A}.DebugC++14|x64.Build.0 = DebugC++14|x64
		{A4BAFD4F-EEA0-4BDA-AD66-FA35F7521F2A}.DebugC++14|x86.ActiveCfg = DebugC++14|Win32
		{A4BAFD4F-EEA0-4BDA-AD66-FA35F7521F2A}.DebugC++14|x86.Build.0 = DebugC++14|Win32
		{A4BAFD4F-EEA0-4BDA-AD66-FA35F7521F2A}.Release|x64.ActiveCfg = Release|x64
		{A4BAFD4F-EEA0-4BDA-AD66-FA35F7521F2A}.Release|x64.Build.0 = Release|x64
		{A4BAFD4F-EEA0-4BDA-AD66-FA35F7521F2A}.Release|x86.ActiveCfg = Release|Win32
		{A4BAFD4F-EEA0-4BDA-AD66-FA35F7521F2A}.Release|x86.Build.0 = Release|Win32
		{2A0BA8A0-2EE3-42E4-9BFC-1B9D25F09D41}.Debug|x64.ActiveCfg = Debug|x64
		{2A0BA8A0-2EE3-42E4-9BFC-1B9D25F09D41}.Debug|x64.Build.0 = Debug|x64
		{2A0BA8A0-2EE3-42E4-9BFC-1B9D25F09D41}.Debug|x86.ActiveCfg = Debug|Win32
		{2A0BA8A0-2EE3-42E4-9BFC-1B9D25F09D41}.Debug|x86.Build.0 = Debug|Win32
		{2A0BA8A0-2EE3-42E4-9BFC-1B9D25F09D41}.DebugC++14|x64.ActiveCfg = DebugC++14|x64
		{2A0BA8A0-2EE3-42E4-9BFC-1B9D25F09D41}.DebugC++14|x64.Build.0 = DebugC++14|x64
		{2A0BA8A0-2EE3-42E4-9BFC-1B9D25F09D41}.DebugC++14|x86.ActiveCfg = DebugC++14|Win32
		{2A0BA8A0-2EE3-42E4-9BFC-1B9D25F09D41}.DebugC++14|x86.Build.0 = DebugC++14|Win32
		{2A0BA8A0-2EE3-42E4-9BFC-1B9D25F09D41}.Release|x64.ActiveCfg = Release|x64
		{2A0BA8A0-2EE3-42E4-9BFC-1B9D25F09D41}.Release|x64.Build.0 = Release|x64
		{2A0BA8A0-2EE3-42E4-9BFC-1B9D25F09D41}.Release|x86.ActiveCfg = Release|Win32
		{2A0BA8A0-2EE3-42E4-9BFC-1B9D25F09D41}.Release|x86.Build.0 = Release|Win32
	EndGlobalSection
	GlobalSection(SolutionProperties) = preSolution
		HideSolutionNode = FALSE
	EndGlobalSection
	GlobalSection(ExtensibilityGlobals) = postSolution
		SolutionGuid = {F7123139-1F68-4C68-B8C3-C18504C555EB}
	EndGlobalSection
EndGlobal
